
Microsoft Visual Studio Solution File, Format Version 12.00
# Visual Studio Version 16
VisualStudioVersion = 16.0.30225.117
MinimumVisualStudioVersion = 10.0.40219.1
Project("{FAE04EC0-301F-11D3-BF4B-00C04F79EFBC}") = "ManualHtmlRendering", "ManualHtmlRendering\ManualHtmlRendering.csproj", "{D843FC23-52AB-465A-9A99-D22B4F8244F5}"
EndProject
Global
	GlobalSection(SolutionConfigurationPlatforms) = preSolution
		Debug|Any CPU = Debug|Any CPU
		Release|Any CPU = Release|Any CPU
	EndGlobalSection
	GlobalSection(ProjectConfigurationPlatforms) = postSolution
		{D843FC23-52AB-465A-9A99-D22B4F8244F5}.Debug|Any CPU.ActiveCfg = Debug|Any CPU
		{D843FC23-52AB-465A-9A99-D22B4F8244F5}.Debug|Any CPU.Build.0 = Debug|Any CPU
		{D843FC23-52AB-465A-9A99-D22B4F8244F5}.Release|Any CPU.ActiveCfg = Release|Any CPU
		{D843FC23-52AB-465A-9A99-D22B4F8244F5}.Release|Any CPU.Build.0 = Release|Any CPU
	EndGlobalSection
	GlobalSection(SolutionProperties) = preSolution
		HideSolutionNode = FALSE
	EndGlobalSection
	GlobalSection(ExtensibilityGlobals) = postSolution
		SolutionGuid = {FFA142E9-19D9-4F8B-95D9-90A220C6D0CA}
	EndGlobalSection
EndGlobal
